
Microsoft Visual Studio Solution File, Format Version 12.00
# Visual Studio Version 17
VisualStudioVersion = 17.7.33913.275
MinimumVisualStudioVersion = 10.0.40219.1
Project("{FAE04EC0-301F-11D3-BF4B-00C04F79EFBC}") = "BlazorApp12", "BlazorApp12\BlazorApp12.csproj", "{2E48DCCD-8700-4AD4-AC80-45DEAAD4CB27}"
EndProject
Global
	GlobalSection(SolutionConfigurationPlatforms) = preSolution
		Debug|Any CPU = Debug|Any CPU
		Release|Any CPU = Release|Any CPU
	EndGlobalSection
	GlobalSection(ProjectConfigurationPlatforms) = postSolution
		{2E48DCCD-8700-4AD4-AC80-45DEAAD4CB27}.Debug|Any CPU.ActiveCfg = Debug|Any CPU
		{2E48DCCD-8700-4AD4-AC80-45DEAAD4CB27}.Debug|Any CPU.Build.0 = Debug|Any CPU
		{2E48DCCD-8700-4AD4-AC80-45DEAAD4CB27}.Release|Any CPU.ActiveCfg = Release|Any CPU
		{2E48DCCD-8700-4AD4-AC80-45DEAAD4CB27}.Release|Any CPU.Build.0 = Release|Any CPU
	EndGlobalSection
	GlobalSection(SolutionProperties) = preSolution
		HideSolutionNode = FALSE
	EndGlobalSection
	GlobalSection(ExtensibilityGlobals) = postSolution
		SolutionGuid = {1D3F86F5-D7D6-4058-BAF1-FAAFF2F8AB1F}
	EndGlobalSection
EndGlobal
